
Microsoft Visual Studio Solution File, Format Version 12.00
# Visual Studio Version 17
VisualStudioVersion = 17.10.35027.167
MinimumVisualStudioVersion = 10.0.40219.1
Project("{FAE04EC0-301F-11D3-BF4B-00C04F79EFBC}") = "meuPrimeiroProjeto", "meuPrimeiroProjeto.csproj", "{AFA95C19-E4A4-4686-93A2-C80321A558DB}"
EndProject
Global
	GlobalSection(SolutionConfigurationPlatforms) = preSolution
		Debug|Any CPU = Debug|Any CPU
		Release|Any CPU = Release|Any CPU
	EndGlobalSection
	GlobalSection(ProjectConfigurationPlatforms) = postSolution
		{AFA95C19-E4A4-4686-93A2-C80321A558DB}.Debug|Any CPU.ActiveCfg = Debug|Any CPU
		{AFA95C19-E4A4-4686-93A2-C80321A558DB}.Debug|Any CPU.Build.0 = Debug|Any CPU
		{AFA95C19-E4A4-4686-93A2-C80321A558DB}.Release|Any CPU.ActiveCfg = Release|Any CPU
		{AFA95C19-E4A4-4686-93A2-C80321A558DB}.Release|Any CPU.Build.0 = Release|Any CPU
	EndGlobalSection
	GlobalSection(SolutionProperties) = preSolution
		HideSolutionNode = FALSE
	EndGlobalSection
	GlobalSection(ExtensibilityGlobals) = postSolution
		SolutionGuid = {3440FDBF-0330-4F89-98D2-2C6BD3794053}
	EndGlobalSection
EndGlobal
